
Microsoft Visual Studio Solution File, Format Version 11.00
# Visual Studio 2010
# SharpDevelop 5.1
Project("{FAE04EC0-301F-11D3-BF4B-00C04F79EFBC}") = "DLL", "..\DLL\DLL.csproj", "{B06C3EC0-95DA-49F3-9877-3217DC5AB01C}"
EndProject
Project("{FAE04EC0-301F-11D3-BF4B-00C04F79EFBC}") = "Zadanie1", "..\Zadanie1\Zadanie1.csproj", "{11A25459-E9D9-443A-8EC5-72642BC394D0}"
EndProject
Global
	GlobalSection(SolutionConfigurationPlatforms) = preSolution
		Debug|Any CPU = Debug|Any CPU
		Release|Any CPU = Release|Any CPU
	EndGlobalSection
	GlobalSection(ProjectConfigurationPlatforms) = postSolution
		{B06C3EC0-95DA-49F3-9877-3217DC5AB01C}.Debug|Any CPU.ActiveCfg = Debug|Any CPU
		{B06C3EC0-95DA-49F3-9877-3217DC5AB01C}.Debug|Any CPU.Build.0 = Debug|Any CPU
		{B06C3EC0-95DA-49F3-9877-3217DC5AB01C}.Release|Any CPU.ActiveCfg = Release|Any CPU
		{B06C3EC0-95DA-49F3-9877-3217DC5AB01C}.Release|Any CPU.Build.0 = Release|Any CPU
		{11A25459-E9D9-443A-8EC5-72642BC394D0}.Debug|Any CPU.ActiveCfg = Debug|Any CPU
		{11A25459-E9D9-443A-8EC5-72642BC394D0}.Debug|Any CPU.Build.0 = Debug|Any CPU
		{11A25459-E9D9-443A-8EC5-72642BC394D0}.Release|Any CPU.ActiveCfg = Release|Any CPU
		{11A25459-E9D9-443A-8EC5-72642BC394D0}.Release|Any CPU.Build.0 = Release|Any CPU
	EndGlobalSection
EndGlobal
