
Microsoft Visual Studio Solution File, Format Version 11.00
# Visual Studio 2010
# SharpDevelop 5.1
Project("{FAE04EC0-301F-11D3-BF4B-00C04F79EFBC}") = "Lista2_Zadanie4_Piotr_Bolek", "Lista2_Zadanie4_Piotr_Bolek\Lista2_Zadanie4_Piotr_Bolek.csproj", "{A68BCD1B-C65A-4471-AE30-91A3965623F2}"
EndProject
Global
	GlobalSection(SolutionConfigurationPlatforms) = preSolution
		Debug|Any CPU = Debug|Any CPU
		Release|Any CPU = Release|Any CPU
	EndGlobalSection
	GlobalSection(ProjectConfigurationPlatforms) = postSolution
		{A68BCD1B-C65A-4471-AE30-91A3965623F2}.Debug|Any CPU.ActiveCfg = Debug|Any CPU
		{A68BCD1B-C65A-4471-AE30-91A3965623F2}.Debug|Any CPU.Build.0 = Debug|Any CPU
		{A68BCD1B-C65A-4471-AE30-91A3965623F2}.Release|Any CPU.ActiveCfg = Release|Any CPU
		{A68BCD1B-C65A-4471-AE30-91A3965623F2}.Release|Any CPU.Build.0 = Release|Any CPU
	EndGlobalSection
EndGlobal
